{
  "name": "node-red-contrib-nibeuplink",
  "version": "0.3.1d",
  "lockfileVersion": 3,
  "requires": true,
  "packages": {
    "": {
      "name": "node-red-contrib-nibeuplink",
      "version": "0.3.1a",
      "license": "MIT",
      "dependencies": {
        "nibe-fetcher-promise": "^1.1.1"
      },
      "engines": {
        "node": ">=12.0.0"
      }
    },
    "node_modules/nibe-fetcher-promise": {
      "version": "1.0.2",
      "resolved": "https://registry.npmjs.org/nibe-fetcher-promise/-/nibe-fetcher-promise-1.0.2.tgz",
      "integrity": "sha512-GiaEPwrv81BtBmvmgZpFeaH1ula7EqtLgODQHqWozIn4JbfWIjLWVi+R9No+3YLzhNLTggVR0c9kXhn+93kq1g=="
    }
  }
}
