{
  "name": "node-red-contrib-nibeuplink",
  "version": "1.0.1",
  "lockfileVersion": 3,
  "requires": true,
  "packages": {
    "": {
      "name": "node-red-contrib-nibeuplink",
      "version": "1.0.1",
      "license": "MIT",
      "dependencies": {
        "nibe-fetcher-promise": "^1.1.1"
      },
      "engines": {
        "node": ">=12.0.0"
      }
    },
    "node_modules/nibe-fetcher-promise": {
      "version": "1.1.1",
      "resolved": "https://registry.npmjs.org/nibe-fetcher-promise/-/nibe-fetcher-promise-1.1.1.tgz",
      "integrity": "sha512-hAW7qGfdjTx+36wCbS90flNnXp0Dr59QaZbIy+pc6Dg1bku+94gZiezT6RdfNStIKiOmcpc43qbOWEcGNtCw3A=="
    }
  }
}
